{
  "nodes": {
    "flake-compat": {
      "flake": false,
      "locked": {
        "lastModified": 1673956053,
        "narHash": "sha256-4gtG9iQuiKITOjNQQeQIpoIB6b16fm+504Ch3sNKLd8=",
        "owner": "edolstra",
        "repo": "flake-compat",
        "rev": "35bb57c0c8d8b62bbfd284272c928ceb64ddbde9",
        "type": "github"
      },
      "original": {
        "owner": "edolstra",
        "repo": "flake-compat",
        "type": "github"
      }
    },
    "flake-utils": {
      "inputs": {
        "systems": "systems"
      },
      "locked": {
        "lastModified": 1681202837,
        "narHash": "sha256-H+Rh19JDwRtpVPAWp64F+rlEtxUWBAQW28eAi3SRSzg=",
        "owner": "numtide",
        "repo": "flake-utils",
        "rev": "cfacdce06f30d2b68473a46042957675eebb3401",
        "type": "github"
      },
      "original": {
        "id": "flake-utils",
        "type": "indirect"
      }
    },
    "lsp-nix": {
      "inputs": {
        "flake-compat": [
          "flake-compat"
        ],
        "flake-utils": [
          "flake-utils"
        ],
        "nixpkgs": "nixpkgs",
        "overlays": [
          "overlays"
        ]
      },
      "locked": {
        "lastModified": 1683776382,
        "narHash": "sha256-zV4g9IGuquS6/Xw4EyTrI981JqyKz1MB6/BP2vXhg0c=",
        "owner": "thelonelyghost",
        "repo": "lsp-nix",
        "rev": "87877644758d82c4fac61adca3395af62d579f43",
        "type": "github"
      },
      "original": {
        "owner": "thelonelyghost",
        "repo": "lsp-nix",
        "type": "github"
      }
    },
    "nixpkgs": {
      "locked": {
        "lastModified": 1683717387,
        "narHash": "sha256-b4GSeKtDH+7wzw9VptHqIWOyIq28j7++rvRqhCEWFQ8=",
        "owner": "NixOS",
        "repo": "nixpkgs",
        "rev": "1e8ab5db89c84b1bb29d8d10ea60766bb5cee1f2",
        "type": "github"
      },
      "original": {
        "id": "nixpkgs",
        "type": "indirect"
      }
    },
    "nixpkgs_2": {
      "locked": {
        "lastModified": 1700772233,
        "narHash": "sha256-Y66FIsSNcmatXJegb0EadV7WRzhu+rTmjmT/sn2TbrU=",
        "owner": "NixOS",
        "repo": "nixpkgs",
        "rev": "4ce4354d70ada7582c1ea89ac8feed63c13273c5",
        "type": "github"
      },
      "original": {
        "owner": "NixOS",
        "ref": "nixos-23.11-small",
        "repo": "nixpkgs",
        "type": "github"
      }
    },
    "overlays": {
      "locked": {
        "lastModified": 1668714812,
        "narHash": "sha256-9p9XjBWHnrYNlmfnIPnohBiSIPSVM9SbVKsHXIrWN1c=",
        "owner": "thelonelyghost",
        "repo": "blank-overlay-nix",
        "rev": "8e18a869b1d2a09b479e5cb9230604da772f89c9",
        "type": "github"
      },
      "original": {
        "owner": "thelonelyghost",
        "repo": "blank-overlay-nix",
        "type": "github"
      }
    },
    "root": {
      "inputs": {
        "flake-compat": "flake-compat",
        "flake-utils": "flake-utils",
        "lsp-nix": "lsp-nix",
        "nixpkgs": "nixpkgs_2",
        "overlays": "overlays",
        "tree-sitter-nix": "tree-sitter-nix"
      }
    },
    "systems": {
      "locked": {
        "lastModified": 1681028828,
        "narHash": "sha256-Vy1rq5AaRuLzOxct8nz4T6wlgyUR7zLU309k9mBC768=",
        "owner": "nix-systems",
        "repo": "default",
        "rev": "da67096a3b9bf56a91d16901293e51ba5b49a27e",
        "type": "github"
      },
      "original": {
        "owner": "nix-systems",
        "repo": "default",
        "type": "github"
      }
    },
    "tree-sitter-nix": {
      "inputs": {
        "flake-compat": [
          "flake-compat"
        ],
        "flake-utils": [
          "flake-utils"
        ],
        "nixpkgs": [
          "nixpkgs"
        ],
        "overlays": [
          "overlays"
        ]
      },
      "locked": {
        "lastModified": 1683782750,
        "narHash": "sha256-2jh0kude4U8bGWs3VNjxsRa2pRrNKtRVgYIAZNBGcno=",
        "owner": "thelonelyghost",
        "repo": "tree-sitter-nix",
        "rev": "9bf8261c72d3024d5267f7ac77bf50a8eca32a3a",
        "type": "github"
      },
      "original": {
        "owner": "thelonelyghost",
        "repo": "tree-sitter-nix",
        "type": "github"
      }
    }
  },
  "root": "root",
  "version": 7
}
